
Microsoft Visual Studio Solution File, Format Version 12.00
# Visual Studio 2013
VisualStudioVersion = 12.0.31101.0
MinimumVisualStudioVersion = 10.0.40219.1
Project("{FAE04EC0-301F-11D3-BF4B-00C04F79EFBC}") = "EDIHelpers", "EDIHelpers\EDIHelpers\EDIHelpers.csproj", "{10EDEFE4-2AA1-4F61-A21A-749EDAC0D5FB}"
EndProject
Project("{FAE04EC0-301F-11D3-BF4B-00C04F79EFBC}") = "EDIDocuments", "EDIHelpers\EDIDocuments\EDIDocuments.csproj", "{59BA55F8-3BEA-4152-8D2A-AA5E2D4BC8B4}"
EndProject
Global
	GlobalSection(SolutionConfigurationPlatforms) = preSolution
		Debug|Any CPU = Debug|Any CPU
		Release|Any CPU = Release|Any CPU
	EndGlobalSection
	GlobalSection(ProjectConfigurationPlatforms) = postSolution
		{10EDEFE4-2AA1-4F61-A21A-749EDAC0D5FB}.Debug|Any CPU.ActiveCfg = Debug|Any CPU
		{10EDEFE4-2AA1-4F61-A21A-749EDAC0D5FB}.Debug|Any CPU.Build.0 = Debug|Any CPU
		{10EDEFE4-2AA1-4F61-A21A-749EDAC0D5FB}.Release|Any CPU.ActiveCfg = Release|Any CPU
		{10EDEFE4-2AA1-4F61-A21A-749EDAC0D5FB}.Release|Any CPU.Build.0 = Release|Any CPU
		{59BA55F8-3BEA-4152-8D2A-AA5E2D4BC8B4}.Debug|Any CPU.ActiveCfg = Debug|Any CPU
		{59BA55F8-3BEA-4152-8D2A-AA5E2D4BC8B4}.Debug|Any CPU.Build.0 = Debug|Any CPU
		{59BA55F8-3BEA-4152-8D2A-AA5E2D4BC8B4}.Release|Any CPU.ActiveCfg = Release|Any CPU
		{59BA55F8-3BEA-4152-8D2A-AA5E2D4BC8B4}.Release|Any CPU.Build.0 = Release|Any CPU
	EndGlobalSection
	GlobalSection(SolutionProperties) = preSolution
		HideSolutionNode = FALSE
	EndGlobalSection
EndGlobal
